// !$*UTF8*$!
{
	archiveVersion = 1;
	classes = {
	};
	objectVersion = 51;
	objects = {

/* Begin PBXBuildFile section */
		69A5E47825DC98CC009360CC /* AppDelegate.swift in Sources */ = {isa = PBXBuildFile; fileRef = 69A5E47725DC98CC009360CC /* AppDelegate.swift */; };
		69A5E47A25DC98CC009360CC /* SceneDelegate.swift in Sources */ = {isa = PBXBuildFile; fileRef = 69A5E47925DC98CC009360CC /* SceneDelegate.swift */; };
		69A5E47C25DC98CC009360CC /* MoviesViewController.swift in Sources */ = {isa = PBXBuildFile; fileRef = 69A5E47B25DC98CC009360CC /* MoviesViewController.swift */; };
		69A5E47F25DC98CC009360CC /* Main.storyboard in Resources */ = {isa = PBXBuildFile; fileRef = 69A5E47D25DC98CC009360CC /* Main.storyboard */; };
		69A5E48125DC98D0009360CC /* Assets.xcassets in Resources */ = {isa = PBXBuildFile; fileRef = 69A5E48025DC98D0009360CC /* Assets.xcassets */; };
		69A5E48425DC98D0009360CC /* LaunchScreen.storyboard in Resources */ = {isa = PBXBuildFile; fileRef = 69A5E48225DC98D0009360CC /* LaunchScreen.storyboard */; };
		69B1BA9F25DCDC8200127CEF /* MovieCell.swift in Sources */ = {isa = PBXBuildFile; fileRef = 69B1BA9E25DCDC8200127CEF /* MovieCell.swift */; };
		69DB642625E216A7004E4BE5 /* MoviesDetailViewController.swift in Sources */ = {isa = PBXBuildFile; fileRef = 69DB642525E216A7004E4BE5 /* MoviesDetailViewController.swift */; };
		69DB644A25E73CCC004E4BE5 /* MoviesGridViewController.swift in Sources */ = {isa = PBXBuildFile; fileRef = 69DB644925E73CCC004E4BE5 /* MoviesGridViewController.swift */; };
		69DB644D25E74481004E4BE5 /* MovieGridCell.swift in Sources */ = {isa = PBXBuildFile; fileRef = 69DB644C25E74481004E4BE5 /* MovieGridCell.swift */; };
		C5C35C4DB9F9059427E5560D /* Pods_Flix2_0.framework in Frameworks */ = {isa = PBXBuildFile; fileRef = 0E4EB73B95D15BD4CF570C14 /* Pods_Flix2_0.framework */; };
/* End PBXBuildFile section */

/* Begin PBXFileReference section */
		0E4EB73B95D15BD4CF570C14 /* Pods_Flix2_0.framework */ = {isa = PBXFileReference; explicitFileType = wrapper.framework; includeInIndex = 0; path = Pods_Flix2_0.framework; sourceTree = BUILT_PRODUCTS_DIR; };
		119AB9C2FBF07657DB200A32 /* Pods-Flix2.0.debug.xcconfig */ = {isa = PBXFileReference; includeInIndex = 1; lastKnownFileType = text.xcconfig; name = "Pods-Flix2.0.debug.xcconfig"; path = "Target Support Files/Pods-Flix2.0/Pods-Flix2.0.debug.xcconfig"; sourceTree = "<group>"; };
		69A5E47425DC98CC009360CC /* Flix2.0.app */ = {isa = PBXFileReference; explicitFileType = wrapper.application; includeInIndex = 0; path = Flix2.0.app; sourceTree = BUILT_PRODUCTS_DIR; };
		69A5E47725DC98CC009360CC /* AppDelegate.swift */ = {isa = PBXFileReference; lastKnownFileType = sourcecode.swift; path = AppDelegate.swift; sourceTree = "<group>"; };
		69A5E47925DC98CC009360CC /* SceneDelegate.swift */ = {isa = PBXFileReference; lastKnownFileType = sourcecode.swift; path = SceneDelegate.swift; sourceTree = "<group>"; };
		69A5E47B25DC98CC009360CC /* MoviesViewController.swift */ = {isa = PBXFileReference; lastKnownFileType = sourcecode.swift; path = MoviesViewController.swift; sourceTree = "<group>"; };
		69A5E47E25DC98CC009360CC /* Base */ = {isa = PBXFileReference; lastKnownFileType = file.storyboard; name = Base; path = Base.lproj/Main.storyboard; sourceTree = "<group>"; };
		69A5E48025DC98D0009360CC /* Assets.xcassets */ = {isa = PBXFileReference; lastKnownFileType = folder.assetcatalog; path = Assets.xcassets; sourceTree = "<group>"; };
		69A5E48325DC98D0009360CC /* Base */ = {isa = PBXFileReference; lastKnownFileType = file.storyboard; name = Base; path = Base.lproj/LaunchScreen.storyboard; sourceTree = "<group>"; };
		69A5E48525DC98D0009360CC /* Info.plist */ = {isa = PBXFileReference; lastKnownFileType = text.plist.xml; path = Info.plist; sourceTree = "<group>"; };
		69B1BA9E25DCDC8200127CEF /* MovieCell.swift */ = {isa = PBXFileReference; lastKnownFileType = sourcecode.swift; path = MovieCell.swift; sourceTree = "<group>"; };
		69DB642525E216A7004E4BE5 /* MoviesDetailViewController.swift */ = {isa = PBXFileReference; lastKnownFileType = sourcecode.swift; path = MoviesDetailViewController.swift; sourceTree = "<group>"; };
		69DB644925E73CCC004E4BE5 /* MoviesGridViewController.swift */ = {isa = PBXFileReference; lastKnownFileType = sourcecode.swift; path = MoviesGridViewController.swift; sourceTree = "<group>"; };
		69DB644C25E74481004E4BE5 /* MovieGridCell.swift */ = {isa = PBXFileReference; lastKnownFileType = sourcecode.swift; path = MovieGridCell.swift; sourceTree = "<group>"; };
		A323513A16D45E657DD20D6C /* Pods-Flix2.0.release.xcconfig */ = {isa = PBXFileReference; includeInIndex = 1; lastKnownFileType = text.xcconfig; name = "Pods-Flix2.0.release.xcconfig"; path = "Target Support Files/Pods-Flix2.0/Pods-Flix2.0.release.xcconfig"; sourceTree = "<group>"; };
/* End PBXFileReference section */

/* Begin PBXFrameworksBuildPhase section */
		69A5E47125DC98CC009360CC /* Frameworks */ = {
			isa = PBXFrameworksBuildPhase;
			buildActionMask = 2147483647;
			files = (
				C5C35C4DB9F9059427E5560D /* Pods_Flix2_0.framework in Frameworks */,
			);
			runOnlyForDeploymentPostprocessing = 0;
		};
/* End PBXFrameworksBuildPhase section */

/* Begin PBXGroup section */
		1A6DEC11122999582AFF1779 /* Frameworks */ = {
			isa = PBXGroup;
			children = (
				0E4EB73B95D15BD4CF570C14 /* Pods_Flix2_0.framework */,
			);
			name = Frameworks;
			sourceTree = "<group>";
		};
		584B0CFFB12B67A8ABA37864 /* Pods */ = {
			isa = PBXGroup;
			children = (
				119AB9C2FBF07657DB200A32 /* Pods-Flix2.0.debug.xcconfig */,
				A323513A16D45E657DD20D6C /* Pods-Flix2.0.release.xcconfig */,
			);
			path = Pods;
			sourceTree = "<group>";
		};
		69A5E46B25DC98CC009360CC = {
			isa = PBXGroup;
			children = (
				69A5E47625DC98CC009360CC /* Flix2.0 */,
				69A5E47525DC98CC009360CC /* Products */,
				584B0CFFB12B67A8ABA37864 /* Pods */,
				1A6DEC11122999582AFF1779 /* Frameworks */,
			);
			sourceTree = "<group>";
		};
		69A5E47525DC98CC009360CC /* Products */ = {
			isa = PBXGroup;
			children = (
				69A5E47425DC98CC009360CC /* Flix2.0.app */,
			);
			name = Products;
			sourceTree = "<group>";
		};
		69A5E47625DC98CC009360CC /* Flix2.0 */ = {
			isa = PBXGroup;
			children = (
				69B1BA9E25DCDC8200127CEF /* MovieCell.swift */,
				69A5E47725DC98CC009360CC /* AppDelegate.swift */,
				69A5E47925DC98CC009360CC /* SceneDelegate.swift */,
				69A5E47B25DC98CC009360CC /* MoviesViewController.swift */,
				69A5E47D25DC98CC009360CC /* Main.storyboard */,
				69A5E48025DC98D0009360CC /* Assets.xcassets */,
				69A5E48225DC98D0009360CC /* LaunchScreen.storyboard */,
				69A5E48525DC98D0009360CC /* Info.plist */,
				69DB642525E216A7004E4BE5 /* MoviesDetailViewController.swift */,
				69DB644925E73CCC004E4BE5 /* MoviesGridViewController.swift */,
				69DB644C25E74481004E4BE5 /* MovieGridCell.swift */,
			);
			path = Flix2.0;
			sourceTree = "<group>";
		};
/* End PBXGroup section */

/* Begin PBXNativeTarget section */
		69A5E47325DC98CC009360CC /* Flix2.0 */ = {
			isa = PBXNativeTarget;
			buildConfigurationList = 69A5E48825DC98D0009360CC /* Build configuration list for PBXNativeTarget "Flix2.0" */;
			buildPhases = (
				7DBBCC97EF37FE8C46542B05 /* [CP] Check Pods Manifest.lock */,
				69A5E47025DC98CC009360CC /* Sources */,
				69A5E47125DC98CC009360CC /* Frameworks */,
				69A5E47225DC98CC009360CC /* Resources */,
				DA3F52331C3DC0F8B7A007B7 /* [CP] Embed Pods Frameworks */,
			);
			buildRules = (
			);
			dependencies = (
			);
			name = Flix2.0;
			productName = Flix2.0;
			productReference = 69A5E47425DC98CC009360CC /* Flix2.0.app */;
			productType = "com.apple.product-type.application";
		};
/* End PBXNativeTarget section */

/* Begin PBXProject section */
		69A5E46C25DC98CC009360CC /* Project object */ = {
			isa = PBXProject;
			attributes = {
				LastSwiftUpdateCheck = 1240;
				LastUpgradeCheck = 1240;
				TargetAttributes = {
					69A5E47325DC98CC009360CC = {
						CreatedOnToolsVersion = 12.4;
					};
				};
			};
			buildConfigurationList = 69A5E46F25DC98CC009360CC /* Build configuration list for PBXProject "Flix2.0" */;
			compatibilityVersion = "Xcode 9.3";
			developmentRegion = en;
			hasScannedForEncodings = 0;
			knownRegions = (
				en,
				Base,
			);
			mainGroup = 69A5E46B25DC98CC009360CC;
			productRefGroup = 69A5E47525DC98CC009360CC /* Products */;
			projectDirPath = "";
			projectRoot = "";
			targets = (
				69A5E47325DC98CC009360CC /* Flix2.0 */,
			);
		};
/* End PBXProject section */

/* Begin PBXResourcesBuildPhase section */
		69A5E47225DC98CC009360CC /* Resources */ = {
			isa = PBXResourcesBuildPhase;
			buildActionMask = 2147483647;
			files = (
				69A5E48425DC98D0009360CC /* LaunchScreen.storyboard in Resources */,
				69A5E48125DC98D0009360CC /* Assets.xcassets in Resources */,
				69A5E47F25DC98CC009360CC /* Main.storyboard in Resources */,
			);
			runOnlyForDeploymentPostprocessing = 0;
		};
/* End PBXResourcesBuildPhase section */

/* Begin PBXShellScriptBuildPhase section */
		7DBBCC97EF37FE8C46542B05 /* [CP] Check Pods Manifest.lock */ = {
			isa = PBXShellScriptBuildPhase;
			buildActionMask = 2147483647;
			files = (
			);
			inputFileListPaths = (
			);
			inputPaths = (
				"${PODS_PODFILE_DIR_PATH}/Podfile.lock",
				"${PODS_ROOT}/Manifest.lock",
			);
			name = "[CP] Check Pods Manifest.lock";
			outputFileListPaths = (
			);
			outputPaths = (
				"$(DERIVED_FILE_DIR)/Pods-Flix2.0-checkManifestLockResult.txt",
			);
			runOnlyForDeploymentPostprocessing = 0;
			shellPath = /bin/sh;
			shellScript = "diff \"${PODS_PODFILE_DIR_PATH}/Podfile.lock\" \"${PODS_ROOT}/Manifest.lock\" > /dev/null\nif [ $? != 0 ] ; then\n    # print error to STDERR\n    echo \"error: The sandbox is not in sync with the Podfile.lock. Run 'pod install' or update your CocoaPods installation.\" >&2\n    exit 1\nfi\n# This output is used by Xcode 'outputs' to avoid re-running this script phase.\necho \"SUCCESS\" > \"${SCRIPT_OUTPUT_FILE_0}\"\n";
			showEnvVarsInLog = 0;
		};
		DA3F52331C3DC0F8B7A007B7 /* [CP] Embed Pods Frameworks */ = {
			isa = PBXShellScriptBuildPhase;
			buildActionMask = 2147483647;
			files = (
			);
			inputFileListPaths = (
				"${PODS_ROOT}/Target Support Files/Pods-Flix2.0/Pods-Flix2.0-frameworks-${CONFIGURATION}-input-files.xcfilelist",
			);
			name = "[CP] Embed Pods Frameworks";
			outputFileListPaths = (
				"${PODS_ROOT}/Target Support Files/Pods-Flix2.0/Pods-Flix2.0-frameworks-${CONFIGURATION}-output-files.xcfilelist",
			);
			runOnlyForDeploymentPostprocessing = 0;
			shellPath = /bin/sh;
			shellScript = "\"${PODS_ROOT}/Target Support Files/Pods-Flix2.0/Pods-Flix2.0-frameworks.sh\"\n";
			showEnvVarsInLog = 0;
		};
/* End PBXShellScriptBuildPhase section */

/* Begin PBXSourcesBuildPhase section */
		69A5E47025DC98CC009360CC /* Sources */ = {
			isa = PBXSourcesBuildPhase;
			buildActionMask = 2147483647;
			files = (
				69A5E47C25DC98CC009360CC /* MoviesViewController.swift in Sources */,
				69DB642625E216A7004E4BE5 /* MoviesDetailViewController.swift in Sources */,
				69A5E47825DC98CC009360CC /* AppDelegate.swift in Sources */,
				69B1BA9F25DCDC8200127CEF /* MovieCell.swift in Sources */,
				69A5E47A25DC98CC009360CC /* SceneDelegate.swift in Sources */,
				69DB644A25E73CCC004E4BE5 /* MoviesGridViewController.swift in Sources */,
				69DB644D25E74481004E4BE5 /* MovieGridCell.swift in Sources */,
			);
			runOnlyForDeploymentPostprocessing = 0;
		};
/* End PBXSourcesBuildPhase section */

/* Begin PBXVariantGroup section */
		69A5E47D25DC98CC009360CC /* Main.storyboard */ = {
			isa = PBXVariantGroup;
			children = (
				69A5E47E25DC98CC009360CC /* Base */,
			);
			name = Main.storyboard;
			sourceTree = "<group>";
		};
		69A5E48225DC98D0009360CC /* LaunchScreen.storyboard */ = {
			isa = PBXVariantGroup;
			children = (
				69A5E48325DC98D0009360CC /* Base */,
			);
			name = LaunchScreen.storyboard;
			sourceTree = "<group>";
		};
/* End PBXVariantGroup section */

/* Begin XCBuildConfiguration section */
		69A5E48625DC98D0009360CC /* Debug */ = {
			isa = XCBuildConfiguration;
			buildSettings = {
				ALWAYS_SEARCH_USER_PATHS = NO;
				CLANG_ANALYZER_NONNULL = YES;
				CLANG_ANALYZER_NUMBER_OBJECT_CONVERSION = YES_AGGRESSIVE;
				CLANG_CXX_LANGUAGE_STANDARD = "gnu++14";
				CLANG_CXX_LIBRARY = "libc++";
				CLANG_ENABLE_MODULES = YES;
				CLANG_ENABLE_OBJC_ARC = YES;
				CLANG_ENABLE_OBJC_WEAK = YES;
				CLANG_WARN_BLOCK_CAPTURE_AUTORELEASING = YES;
				CLANG_WARN_BOOL_CONVERSION = YES;
				CLANG_WARN_COMMA = YES;
				CLANG_WARN_CONSTANT_CONVERSION = YES;
				CLANG_WARN_DEPRECATED_OBJC_IMPLEMENTATIONS = YES;
				CLANG_WARN_DIRECT_OBJC_ISA_USAGE = YES_ERROR;
				CLANG_WARN_DOCUMENTATION_COMMENTS = YES;
				CLANG_WARN_EMPTY_BODY = YES;
				CLANG_WARN_ENUM_CONVERSION = YES;
				CLANG_WARN_INFINITE_RECURSION = YES;
				CLANG_WARN_INT_CONVERSION = YES;
				CLANG_WARN_NON_LITERAL_NULL_CONVERSION = YES;
				CLANG_WARN_OBJC_IMPLICIT_RETAIN_SELF = YES;
				CLANG_WARN_OBJC_LITERAL_CONVERSION = YES;
				CLANG_WARN_OBJC_ROOT_CLASS = YES_ERROR;
				CLANG_WARN_QUOTED_INCLUDE_IN_FRAMEWORK_HEADER = YES;
				CLANG_WARN_RANGE_LOOP_ANALYSIS = YES;
				CLANG_WARN_STRICT_PROTOTYPES = YES;
				CLANG_WARN_SUSPICIOUS_MOVE = YES;
				CLANG_WARN_UNGUARDED_AVAILABILITY = YES_AGGRESSIVE;
				CLANG_WARN_UNREACHABLE_CODE = YES;
				CLANG_WARN__DUPLICATE_METHOD_MATCH = YES;
				COPY_PHASE_STRIP = NO;
				DEBUG_INFORMATION_FORMAT = dwarf;
				ENABLE_STRICT_OBJC_MSGSEND = YES;
				ENABLE_TESTABILITY = YES;
				GCC_C_LANGUAGE_STANDARD = gnu11;
				GCC_DYNAMIC_NO_PIC = NO;
				GCC_NO_COMMON_BLOCKS = YES;
				GCC_OPTIMIZATION_LEVEL = 0;
				GCC_PREPROCESSOR_DEFINITIONS = (
					"DEBUG=1",
					"$(inherited)",
				);
				GCC_WARN_64_TO_32_BIT_CONVERSION = YES;
				GCC_WARN_ABOUT_RETURN_TYPE = YES_ERROR;
				GCC_WARN_UNDECLARED_SELECTOR = YES;
				GCC_WARN_UNINITIALIZED_AUTOS = YES_AGGRESSIVE;
				GCC_WARN_UNUSED_FUNCTION = YES;
				GCC_WARN_UNUSED_VARIABLE = YES;
				IPHONEOS_DEPLOYMENT_TARGET = 14.4;
				MTL_ENABLE_DEBUG_INFO = INCLUDE_SOURCE;
				MTL_FAST_MATH = YES;
				ONLY_ACTIVE_ARCH = YES;
				SDKROOT = iphoneos;
				SWIFT_ACTIVE_COMPILATION_CONDITIONS = DEBUG;
				SWIFT_OPTIMIZATION_LEVEL = "-Onone";
			};
			name = Debug;
		};
		69A5E48725DC98D0009360CC /* Release */ = {
			isa = XCBuildConfiguration;
			buildSettings = {
				ALWAYS_SEARCH_USER_PATHS = NO;
				CLANG_ANALYZER_NONNULL = YES;
				CLANG_ANALYZER_NUMBER_OBJECT_CONVERSION = YES_AGGRESSIVE;
				CLANG_CXX_LANGUAGE_STANDARD = "gnu++14";
				CLANG_CXX_LIBRARY = "libc++";
				CLANG_ENABLE_MODULES = YES;
				CLANG_ENABLE_OBJC_ARC = YES;
				CLANG_ENABLE_OBJC_WEAK = YES;
				CLANG_WARN_BLOCK_CAPTURE_AUTORELEASING = YES;
				CLANG_WARN_BOOL_CONVERSION = YES;
				CLANG_WARN_COMMA = YES;
				CLANG_WARN_CONSTANT_CONVERSION = YES;
				CLANG_WARN_DEPRECATED_OBJC_IMPLEMENTATIONS = YES;
				CLANG_WARN_DIRECT_OBJC_ISA_USAGE = YES_ERROR;
				CLANG_WARN_DOCUMENTATION_COMMENTS = YES;
				CLANG_WARN_EMPTY_BODY = YES;
				CLANG_WARN_ENUM_CONVERSION = YES;
				CLANG_WARN_INFINITE_RECURSION = YES;
				CLANG_WARN_INT_CONVERSION = YES;
				CLANG_WARN_NON_LITERAL_NULL_CONVERSION = YES;
				CLANG_WARN_OBJC_IMPLICIT_RETAIN_SELF = YES;
				CLANG_WARN_OBJC_LITERAL_CONVERSION = YES;
				CLANG_WARN_OBJC_ROOT_CLASS = YES_ERROR;
				CLANG_WARN_QUOTED_INCLUDE_IN_FRAMEWORK_HEADER = YES;
				CLANG_WARN_RANGE_LOOP_ANALYSIS = YES;
				CLANG_WARN_STRICT_PROTOTYPES = YES;
				CLANG_WARN_SUSPICIOUS_MOVE = YES;
				CLANG_WARN_UNGUARDED_AVAILABILITY = YES_AGGRESSIVE;
				CLANG_WARN_UNREACHABLE_CODE = YES;
				CLANG_WARN__DUPLICATE_METHOD_MATCH = YES;
				COPY_PHASE_STRIP = NO;
				DEBUG_INFORMATION_FORMAT = "dwarf-with-dsym";
				ENABLE_NS_ASSERTIONS = NO;
				ENABLE_STRICT_OBJC_MSGSEND = YES;
				GCC_C_LANGUAGE_STANDARD = gnu11;
				GCC_NO_COMMON_BLOCKS = YES;
				GCC_WARN_64_TO_32_BIT_CONVERSION = YES;
				GCC_WARN_ABOUT_RETURN_TYPE = YES_ERROR;
				GCC_WARN_UNDECLARED_SELECTOR = YES;
				GCC_WARN_UNINITIALIZED_AUTOS = YES_AGGRESSIVE;
				GCC_WARN_UNUSED_FUNCTION = YES;
				GCC_WARN_UNUSED_VARIABLE = YES;
				IPHONEOS_DEPLOYMENT_TARGET = 14.4;
				MTL_ENABLE_DEBUG_INFO = NO;
				MTL_FAST_MATH = YES;
				SDKROOT = iphoneos;
				SWIFT_COMPILATION_MODE = wholemodule;
				SWIFT_OPTIMIZATION_LEVEL = "-O";
				VALIDATE_PRODUCT = YES;
			};
			name = Release;
		};
		69A5E48925DC98D0009360CC /* Debug */ = {
			isa = XCBuildConfiguration;
			baseConfigurationReference = 119AB9C2FBF07657DB200A32 /* Pods-Flix2.0.debug.xcconfig */;
			buildSettings = {
				ASSETCATALOG_COMPILER_APPICON_NAME = AppIcon;
				ASSETCATALOG_COMPILER_GLOBAL_ACCENT_COLOR_NAME = AccentColor;
				CODE_SIGN_STYLE = Automatic;
				DEVELOPMENT_TEAM = ZAJDB8LML2;
				INFOPLIST_FILE = Flix2.0/Info.plist;
				LD_RUNPATH_SEARCH_PATHS = (
					"$(inherited)",
					"@executable_path/Frameworks",
				);
				PRODUCT_BUNDLE_IDENTIFIER = "com.jamekaeechols.Flix2-0";
				PRODUCT_NAME = "$(TARGET_NAME)";
				SWIFT_VERSION = 5.0;
				TARGETED_DEVICE_FAMILY = "1,2";
			};
			name = Debug;
		};
		69A5E48A25DC98D0009360CC /* Release */ = {
			isa = XCBuildConfiguration;
			baseConfigurationReference = A323513A16D45E657DD20D6C /* Pods-Flix2.0.release.xcconfig */;
			buildSettings = {
				ASSETCATALOG_COMPILER_APPICON_NAME = AppIcon;
				ASSETCATALOG_COMPILER_GLOBAL_ACCENT_COLOR_NAME = AccentColor;
				CODE_SIGN_STYLE = Automatic;
				DEVELOPMENT_TEAM = ZAJDB8LML2;
				INFOPLIST_FILE = Flix2.0/Info.plist;
				LD_RUNPATH_SEARCH_PATHS = (
					"$(inherited)",
					"@executable_path/Frameworks",
				);
				PRODUCT_BUNDLE_IDENTIFIER = "com.jamekaeechols.Flix2-0";
				PRODUCT_NAME = "$(TARGET_NAME)";
				SWIFT_VERSION = 5.0;
				TARGETED_DEVICE_FAMILY = "1,2";
			};
			name = Release;
		};
/* End XCBuildConfiguration section */

/* Begin XCConfigurationList section */
		69A5E46F25DC98CC009360CC /* Build configuration list for PBXProject "Flix2.0" */ = {
			isa = XCConfigurationList;
			buildConfigurations = (
				69A5E48625DC98D0009360CC /* Debug */,
				69A5E48725DC98D0009360CC /* Release */,
			);
			defaultConfigurationIsVisible = 0;
			defaultConfigurationName = Release;
		};
		69A5E48825DC98D0009360CC /* Build configuration list for PBXNativeTarget "Flix2.0" */ = {
			isa = XCConfigurationList;
			buildConfigurations = (
				69A5E48925DC98D0009360CC /* Debug */,
				69A5E48A25DC98D0009360CC /* Release */,
			);
			defaultConfigurationIsVisible = 0;
			defaultConfigurationName = Release;
		};
/* End XCConfigurationList section */
	};
	rootObject = 69A5E46C25DC98CC009360CC /* Project object */;
}
